
Microsoft Visual Studio Solution File, Format Version 12.00
# Visual Studio Version 16
VisualStudioVersion = 16.0.29905.134
MinimumVisualStudioVersion = 10.0.40219.1
Project("{9A19103F-16F7-4668-BE54-9A1E7A4F7556}") = "SupportBot", "SupportBot\SupportBot.csproj", "{2E26044B-8C37-4879-A117-F6D9C1EA9AF5}"
EndProject
Project("{9A19103F-16F7-4668-BE54-9A1E7A4F7556}") = "Common", "Common\Common.csproj", "{323CEFB1-48F8-4337-8041-3441EC6154F6}"
EndProject
Global
	GlobalSection(SolutionConfigurationPlatforms) = preSolution
		Debug|Any CPU = Debug|Any CPU
		Release|Any CPU = Release|Any CPU
	EndGlobalSection
	GlobalSection(ProjectConfigurationPlatforms) = postSolution
		{2E26044B-8C37-4879-A117-F6D9C1EA9AF5}.Debug|Any CPU.ActiveCfg = Debug|Any CPU
		{2E26044B-8C37-4879-A117-F6D9C1EA9AF5}.Debug|Any CPU.Build.0 = Debug|Any CPU
		{2E26044B-8C37-4879-A117-F6D9C1EA9AF5}.Release|Any CPU.ActiveCfg = Release|Any CPU
		{2E26044B-8C37-4879-A117-F6D9C1EA9AF5}.Release|Any CPU.Build.0 = Release|Any CPU
		{323CEFB1-48F8-4337-8041-3441EC6154F6}.Debug|Any CPU.ActiveCfg = Debug|Any CPU
		{323CEFB1-48F8-4337-8041-3441EC6154F6}.Debug|Any CPU.Build.0 = Debug|Any CPU
		{323CEFB1-48F8-4337-8041-3441EC6154F6}.Release|Any CPU.ActiveCfg = Release|Any CPU
		{323CEFB1-48F8-4337-8041-3441EC6154F6}.Release|Any CPU.Build.0 = Release|Any CPU
	EndGlobalSection
	GlobalSection(SolutionProperties) = preSolution
		HideSolutionNode = FALSE
	EndGlobalSection
	GlobalSection(ExtensibilityGlobals) = postSolution
		SolutionGuid = {BCCAE67C-F38D-4E0F-B122-D51FCCC93108}
	EndGlobalSection
EndGlobal
